// !$*UTF8*$!
{
	archiveVersion = 1;
	classes = {
	};
	objectVersion = 56;
	objects = {

/* Begin PBXBuildFile section */
		5DB6CFC42950EFEB00D10A03 /* PuchNotificationHotonApp.swift in Sources */ = {isa = PBXBuildFile; fileRef = 5DB6CFC32950EFEB00D10A03 /* PuchNotificationHotonApp.swift */; };
		5DB6CFC62950EFEB00D10A03 /* ContentView.swift in Sources */ = {isa = PBXBuildFile; fileRef = 5DB6CFC52950EFEB00D10A03 /* ContentView.swift */; };
		5DB6CFC82950EFEC00D10A03 /* Assets.xcassets in Resources */ = {isa = PBXBuildFile; fileRef = 5DB6CFC72950EFEC00D10A03 /* Assets.xcassets */; };
		5DB6CFCB2950EFEC00D10A03 /* Preview Assets.xcassets in Resources */ = {isa = PBXBuildFile; fileRef = 5DB6CFCA2950EFEC00D10A03 /* Preview Assets.xcassets */; };
		5DB6CFD52950EFEC00D10A03 /* PuchNotificationHotonTests.swift in Sources */ = {isa = PBXBuildFile; fileRef = 5DB6CFD42950EFEC00D10A03 /* PuchNotificationHotonTests.swift */; };
		5DB6CFDF2950EFEC00D10A03 /* PuchNotificationHotonUITests.swift in Sources */ = {isa = PBXBuildFile; fileRef = 5DB6CFDE2950EFEC00D10A03 /* PuchNotificationHotonUITests.swift */; };
		5DB6CFE12950EFEC00D10A03 /* PuchNotificationHotonUITestsLaunchTests.swift in Sources */ = {isa = PBXBuildFile; fileRef = 5DB6CFE02950EFEC00D10A03 /* PuchNotificationHotonUITestsLaunchTests.swift */; };
		5DB6CFF12950F2B200D10A03 /* FirebaseAnalytics in Frameworks */ = {isa = PBXBuildFile; productRef = 5DB6CFF02950F2B200D10A03 /* FirebaseAnalytics */; };
		5DB6CFF32950F2B200D10A03 /* FirebaseMessaging in Frameworks */ = {isa = PBXBuildFile; productRef = 5DB6CFF22950F2B200D10A03 /* FirebaseMessaging */; };
		5DB6CFF52950F2E700D10A03 /* GoogleService-Info.plist in Resources */ = {isa = PBXBuildFile; fileRef = 5DB6CFF42950F2E700D10A03 /* GoogleService-Info.plist */; };
/* End PBXBuildFile section */

/* Begin PBXContainerItemProxy section */
		5DB6CFD12950EFEC00D10A03 /* PBXContainerItemProxy */ = {
			isa = PBXContainerItemProxy;
			containerPortal = 5DB6CFB82950EFEB00D10A03 /* Project object */;
			proxyType = 1;
			remoteGlobalIDString = 5DB6CFBF2950EFEB00D10A03;
			remoteInfo = PuchNotificationHoton;
		};
		5DB6CFDB2950EFEC00D10A03 /* PBXContainerItemProxy */ = {
			isa = PBXContainerItemProxy;
			containerPortal = 5DB6CFB82950EFEB00D10A03 /* Project object */;
			proxyType = 1;
			remoteGlobalIDString = 5DB6CFBF2950EFEB00D10A03;
			remoteInfo = PuchNotificationHoton;
		};
/* End PBXContainerItemProxy section */

/* Begin PBXFileReference section */
		5DB6CFC02950EFEB00D10A03 /* PuchNotificationHoton.app */ = {isa = PBXFileReference; explicitFileType = wrapper.application; includeInIndex = 0; path = PuchNotificationHoton.app; sourceTree = BUILT_PRODUCTS_DIR; };
		5DB6CFC32950EFEB00D10A03 /* PuchNotificationHotonApp.swift */ = {isa = PBXFileReference; lastKnownFileType = sourcecode.swift; path = PuchNotificationHotonApp.swift; sourceTree = "<group>"; };
		5DB6CFC52950EFEB00D10A03 /* ContentView.swift */ = {isa = PBXFileReference; lastKnownFileType = sourcecode.swift; path = ContentView.swift; sourceTree = "<group>"; };
		5DB6CFC72950EFEC00D10A03 /* Assets.xcassets */ = {isa = PBXFileReference; lastKnownFileType = folder.assetcatalog; path = Assets.xcassets; sourceTree = "<group>"; };
		5DB6CFCA2950EFEC00D10A03 /* Preview Assets.xcassets */ = {isa = PBXFileReference; lastKnownFileType = folder.assetcatalog; path = "Preview Assets.xcassets"; sourceTree = "<group>"; };
		5DB6CFD02950EFEC00D10A03 /* PuchNotificationHotonTests.xctest */ = {isa = PBXFileReference; explicitFileType = wrapper.cfbundle; includeInIndex = 0; path = PuchNotificationHotonTests.xctest; sourceTree = BUILT_PRODUCTS_DIR; };
		5DB6CFD42950EFEC00D10A03 /* PuchNotificationHotonTests.swift */ = {isa = PBXFileReference; lastKnownFileType = sourcecode.swift; path = PuchNotificationHotonTests.swift; sourceTree = "<group>"; };
		5DB6CFDA2950EFEC00D10A03 /* PuchNotificationHotonUITests.xctest */ = {isa = PBXFileReference; explicitFileType = wrapper.cfbundle; includeInIndex = 0; path = PuchNotificationHotonUITests.xctest; sourceTree = BUILT_PRODUCTS_DIR; };
		5DB6CFDE2950EFEC00D10A03 /* PuchNotificationHotonUITests.swift */ = {isa = PBXFileReference; lastKnownFileType = sourcecode.swift; path = PuchNotificationHotonUITests.swift; sourceTree = "<group>"; };
		5DB6CFE02950EFEC00D10A03 /* PuchNotificationHotonUITestsLaunchTests.swift */ = {isa = PBXFileReference; lastKnownFileType = sourcecode.swift; path = PuchNotificationHotonUITestsLaunchTests.swift; sourceTree = "<group>"; };
		5DB6CFED2950F09200D10A03 /* PuchNotificationHoton.entitlements */ = {isa = PBXFileReference; lastKnownFileType = text.plist.entitlements; path = PuchNotificationHoton.entitlements; sourceTree = "<group>"; };
		5DB6CFEE2950F0A300D10A03 /* Info.plist */ = {isa = PBXFileReference; lastKnownFileType = text.plist; path = Info.plist; sourceTree = "<group>"; };
		5DB6CFF42950F2E700D10A03 /* GoogleService-Info.plist */ = {isa = PBXFileReference; fileEncoding = 4; lastKnownFileType = text.plist.xml; path = "GoogleService-Info.plist"; sourceTree = "<group>"; };
/* End PBXFileReference section */

/* Begin PBXFrameworksBuildPhase section */
		5DB6CFBD2950EFEB00D10A03 /* Frameworks */ = {
			isa = PBXFrameworksBuildPhase;
			buildActionMask = 2147483647;
			files = (
				5DB6CFF32950F2B200D10A03 /* FirebaseMessaging in Frameworks */,
				5DB6CFF12950F2B200D10A03 /* FirebaseAnalytics in Frameworks */,
			);
			runOnlyForDeploymentPostprocessing = 0;
		};
		5DB6CFCD2950EFEC00D10A03 /* Frameworks */ = {
			isa = PBXFrameworksBuildPhase;
			buildActionMask = 2147483647;
			files = (
			);
			runOnlyForDeploymentPostprocessing = 0;
		};
		5DB6CFD72950EFEC00D10A03 /* Frameworks */ = {
			isa = PBXFrameworksBuildPhase;
			buildActionMask = 2147483647;
			files = (
			);
			runOnlyForDeploymentPostprocessing = 0;
		};
/* End PBXFrameworksBuildPhase section */

/* Begin PBXGroup section */
		5DB6CFB72950EFEB00D10A03 = {
			isa = PBXGroup;
			children = (
				5DB6CFC22950EFEB00D10A03 /* PuchNotificationHoton */,
				5DB6CFD32950EFEC00D10A03 /* PuchNotificationHotonTests */,
				5DB6CFDD2950EFEC00D10A03 /* PuchNotificationHotonUITests */,
				5DB6CFC12950EFEB00D10A03 /* Products */,
			);
			sourceTree = "<group>";
		};
		5DB6CFC12950EFEB00D10A03 /* Products */ = {
			isa = PBXGroup;
			children = (
				5DB6CFC02950EFEB00D10A03 /* PuchNotificationHoton.app */,
				5DB6CFD02950EFEC00D10A03 /* PuchNotificationHotonTests.xctest */,
				5DB6CFDA2950EFEC00D10A03 /* PuchNotificationHotonUITests.xctest */,
			);
			name = Products;
			sourceTree = "<group>";
		};
		5DB6CFC22950EFEB00D10A03 /* PuchNotificationHoton */ = {
			isa = PBXGroup;
			children = (
				5DB6CFF42950F2E700D10A03 /* GoogleService-Info.plist */,
				5DB6CFEE2950F0A300D10A03 /* Info.plist */,
				5DB6CFED2950F09200D10A03 /* PuchNotificationHoton.entitlements */,
				5DB6CFC32950EFEB00D10A03 /* PuchNotificationHotonApp.swift */,
				5DB6CFC52950EFEB00D10A03 /* ContentView.swift */,
				5DB6CFC72950EFEC00D10A03 /* Assets.xcassets */,
				5DB6CFC92950EFEC00D10A03 /* Preview Content */,
			);
			path = PuchNotificationHoton;
			sourceTree = "<group>";
		};
		5DB6CFC92950EFEC00D10A03 /* Preview Content */ = {
			isa = PBXGroup;
			children = (
				5DB6CFCA2950EFEC00D10A03 /* Preview Assets.xcassets */,
			);
			path = "Preview Content";
			sourceTree = "<group>";
		};
		5DB6CFD32950EFEC00D10A03 /* PuchNotificationHotonTests */ = {
			isa = PBXGroup;
			children = (
				5DB6CFD42950EFEC00D10A03 /* PuchNotificationHotonTests.swift */,
			);
			path = PuchNotificationHotonTests;
			sourceTree = "<group>";
		};
		5DB6CFDD2950EFEC00D10A03 /* PuchNotificationHotonUITests */ = {
			isa = PBXGroup;
			children = (
				5DB6CFDE2950EFEC00D10A03 /* PuchNotificationHotonUITests.swift */,
				5DB6CFE02950EFEC00D10A03 /* PuchNotificationHotonUITestsLaunchTests.swift */,
			);
			path = PuchNotificationHotonUITests;
			sourceTree = "<group>";
		};
/* End PBXGroup section */

/* Begin PBXNativeTarget section */
		5DB6CFBF2950EFEB00D10A03 /* PuchNotificationHoton */ = {
			isa = PBXNativeTarget;
			buildConfigurationList = 5DB6CFE42950EFEC00D10A03 /* Build configuration list for PBXNativeTarget "PuchNotificationHoton" */;
			buildPhases = (
				5DB6CFBC2950EFEB00D10A03 /* Sources */,
				5DB6CFBD2950EFEB00D10A03 /* Frameworks */,
				5DB6CFBE2950EFEB00D10A03 /* Resources */,
			);
			buildRules = (
			);
			dependencies = (
			);
			name = PuchNotificationHoton;
			packageProductDependencies = (
				5DB6CFF02950F2B200D10A03 /* FirebaseAnalytics */,
				5DB6CFF22950F2B200D10A03 /* FirebaseMessaging */,
			);
			productName = PuchNotificationHoton;
			productReference = 5DB6CFC02950EFEB00D10A03 /* PuchNotificationHoton.app */;
			productType = "com.apple.product-type.application";
		};
		5DB6CFCF2950EFEC00D10A03 /* PuchNotificationHotonTests */ = {
			isa = PBXNativeTarget;
			buildConfigurationList = 5DB6CFE72950EFEC00D10A03 /* Build configuration list for PBXNativeTarget "PuchNotificationHotonTests" */;
			buildPhases = (
				5DB6CFCC2950EFEC00D10A03 /* Sources */,
				5DB6CFCD2950EFEC00D10A03 /* Frameworks */,
				5DB6CFCE2950EFEC00D10A03 /* Resources */,
			);
			buildRules = (
			);
			dependencies = (
				5DB6CFD22950EFEC00D10A03 /* PBXTargetDependency */,
			);
			name = PuchNotificationHotonTests;
			productName = PuchNotificationHotonTests;
			productReference = 5DB6CFD02950EFEC00D10A03 /* PuchNotificationHotonTests.xctest */;
			productType = "com.apple.product-type.bundle.unit-test";
		};
		5DB6CFD92950EFEC00D10A03 /* PuchNotificationHotonUITests */ = {
			isa = PBXNativeTarget;
			buildConfigurationList = 5DB6CFEA2950EFEC00D10A03 /* Build configuration list for PBXNativeTarget "PuchNotificationHotonUITests" */;
			buildPhases = (
				5DB6CFD62950EFEC00D10A03 /* Sources */,
				5DB6CFD72950EFEC00D10A03 /* Frameworks */,
				5DB6CFD82950EFEC00D10A03 /* Resources */,
			);
			buildRules = (
			);
			dependencies = (
				5DB6CFDC2950EFEC00D10A03 /* PBXTargetDependency */,
			);
			name = PuchNotificationHotonUITests;
			productName = PuchNotificationHotonUITests;
			productReference = 5DB6CFDA2950EFEC00D10A03 /* PuchNotificationHotonUITests.xctest */;
			productType = "com.apple.product-type.bundle.ui-testing";
		};
/* End PBXNativeTarget section */

/* Begin PBXProject section */
		5DB6CFB82950EFEB00D10A03 /* Project object */ = {
			isa = PBXProject;
			attributes = {
				BuildIndependentTargetsInParallel = 1;
				LastSwiftUpdateCheck = 1410;
				LastUpgradeCheck = 1410;
				TargetAttributes = {
					5DB6CFBF2950EFEB00D10A03 = {
						CreatedOnToolsVersion = 14.1;
					};
					5DB6CFCF2950EFEC00D10A03 = {
						CreatedOnToolsVersion = 14.1;
						TestTargetID = 5DB6CFBF2950EFEB00D10A03;
					};
					5DB6CFD92950EFEC00D10A03 = {
						CreatedOnToolsVersion = 14.1;
						TestTargetID = 5DB6CFBF2950EFEB00D10A03;
					};
				};
			};
			buildConfigurationList = 5DB6CFBB2950EFEB00D10A03 /* Build configuration list for PBXProject "PuchNotificationHoton" */;
			compatibilityVersion = "Xcode 14.0";
			developmentRegion = en;
			hasScannedForEncodings = 0;
			knownRegions = (
				en,
				Base,
			);
			mainGroup = 5DB6CFB72950EFEB00D10A03;
			packageReferences = (
				5DB6CFEF2950F2B200D10A03 /* XCRemoteSwiftPackageReference "firebase-ios-sdk" */,
			);
			productRefGroup = 5DB6CFC12950EFEB00D10A03 /* Products */;
			projectDirPath = "";
			projectRoot = "";
			targets = (
				5DB6CFBF2950EFEB00D10A03 /* PuchNotificationHoton */,
				5DB6CFCF2950EFEC00D10A03 /* PuchNotificationHotonTests */,
				5DB6CFD92950EFEC00D10A03 /* PuchNotificationHotonUITests */,
			);
		};
/* End PBXProject section */

/* Begin PBXResourcesBuildPhase section */
		5DB6CFBE2950EFEB00D10A03 /* Resources */ = {
			isa = PBXResourcesBuildPhase;
			buildActionMask = 2147483647;
			files = (
				5DB6CFCB2950EFEC00D10A03 /* Preview Assets.xcassets in Resources */,
				5DB6CFC82950EFEC00D10A03 /* Assets.xcassets in Resources */,
				5DB6CFF52950F2E700D10A03 /* GoogleService-Info.plist in Resources */,
			);
			runOnlyForDeploymentPostprocessing = 0;
		};
		5DB6CFCE2950EFEC00D10A03 /* Resources */ = {
			isa = PBXResourcesBuildPhase;
			buildActionMask = 2147483647;
			files = (
			);
			runOnlyForDeploymentPostprocessing = 0;
		};
		5DB6CFD82950EFEC00D10A03 /* Resources */ = {
			isa = PBXResourcesBuildPhase;
			buildActionMask = 2147483647;
			files = (
			);
			runOnlyForDeploymentPostprocessing = 0;
		};
/* End PBXResourcesBuildPhase section */

/* Begin PBXSourcesBuildPhase section */
		5DB6CFBC2950EFEB00D10A03 /* Sources */ = {
			isa = PBXSourcesBuildPhase;
			buildActionMask = 2147483647;
			files = (
				5DB6CFC62950EFEB00D10A03 /* ContentView.swift in Sources */,
				5DB6CFC42950EFEB00D10A03 /* PuchNotificationHotonApp.swift in Sources */,
			);
			runOnlyForDeploymentPostprocessing = 0;
		};
		5DB6CFCC2950EFEC00D10A03 /* Sources */ = {
			isa = PBXSourcesBuildPhase;
			buildActionMask = 2147483647;
			files = (
				5DB6CFD52950EFEC00D10A03 /* PuchNotificationHotonTests.swift in Sources */,
			);
			runOnlyForDeploymentPostprocessing = 0;
		};
		5DB6CFD62950EFEC00D10A03 /* Sources */ = {
			isa = PBXSourcesBuildPhase;
			buildActionMask = 2147483647;
			files = (
				5DB6CFE12950EFEC00D10A03 /* PuchNotificationHotonUITestsLaunchTests.swift in Sources */,
				5DB6CFDF2950EFEC00D10A03 /* PuchNotificationHotonUITests.swift in Sources */,
			);
			runOnlyForDeploymentPostprocessing = 0;
		};
/* End PBXSourcesBuildPhase section */

/* Begin PBXTargetDependency section */
		5DB6CFD22950EFEC00D10A03 /* PBXTargetDependency */ = {
			isa = PBXTargetDependency;
			target = 5DB6CFBF2950EFEB00D10A03 /* PuchNotificationHoton */;
			targetProxy = 5DB6CFD12950EFEC00D10A03 /* PBXContainerItemProxy */;
		};
		5DB6CFDC2950EFEC00D10A03 /* PBXTargetDependency */ = {
			isa = PBXTargetDependency;
			target = 5DB6CFBF2950EFEB00D10A03 /* PuchNotificationHoton */;
			targetProxy = 5DB6CFDB2950EFEC00D10A03 /* PBXContainerItemProxy */;
		};
/* End PBXTargetDependency section */

/* Begin XCBuildConfiguration section */
		5DB6CFE22950EFEC00D10A03 /* Debug */ = {
			isa = XCBuildConfiguration;
			buildSettings = {
				ALWAYS_SEARCH_USER_PATHS = NO;
				CLANG_ANALYZER_NONNULL = YES;
				CLANG_ANALYZER_NUMBER_OBJECT_CONVERSION = YES_AGGRESSIVE;
				CLANG_CXX_LANGUAGE_STANDARD = "gnu++20";
				CLANG_ENABLE_MODULES = YES;
				CLANG_ENABLE_OBJC_ARC = YES;
				CLANG_ENABLE_OBJC_WEAK = YES;
				CLANG_WARN_BLOCK_CAPTURE_AUTORELEASING = YES;
				CLANG_WARN_BOOL_CONVERSION = YES;
				CLANG_WARN_COMMA = YES;
				CLANG_WARN_CONSTANT_CONVERSION = YES;
				CLANG_WARN_DEPRECATED_OBJC_IMPLEMENTATIONS = YES;
				CLANG_WARN_DIRECT_OBJC_ISA_USAGE = YES_ERROR;
				CLANG_WARN_DOCUMENTATION_COMMENTS = YES;
				CLANG_WARN_EMPTY_BODY = YES;
				CLANG_WARN_ENUM_CONVERSION = YES;
				CLANG_WARN_INFINITE_RECURSION = YES;
				CLANG_WARN_INT_CONVERSION = YES;
				CLANG_WARN_NON_LITERAL_NULL_CONVERSION = YES;
				CLANG_WARN_OBJC_IMPLICIT_RETAIN_SELF = YES;
				CLANG_WARN_OBJC_LITERAL_CONVERSION = YES;
				CLANG_WARN_OBJC_ROOT_CLASS = YES_ERROR;
				CLANG_WARN_QUOTED_INCLUDE_IN_FRAMEWORK_HEADER = YES;
				CLANG_WARN_RANGE_LOOP_ANALYSIS = YES;
				CLANG_WARN_STRICT_PROTOTYPES = YES;
				CLANG_WARN_SUSPICIOUS_MOVE = YES;
				CLANG_WARN_UNGUARDED_AVAILABILITY = YES_AGGRESSIVE;
				CLANG_WARN_UNREACHABLE_CODE = YES;
				CLANG_WARN__DUPLICATE_METHOD_MATCH = YES;
				COPY_PHASE_STRIP = NO;
				DEBUG_INFORMATION_FORMAT = dwarf;
				ENABLE_STRICT_OBJC_MSGSEND = YES;
				ENABLE_TESTABILITY = YES;
				GCC_C_LANGUAGE_STANDARD = gnu11;
				GCC_DYNAMIC_NO_PIC = NO;
				GCC_NO_COMMON_BLOCKS = YES;
				GCC_OPTIMIZATION_LEVEL = 0;
				GCC_PREPROCESSOR_DEFINITIONS = (
					"DEBUG=1",
					"$(inherited)",
				);
				GCC_WARN_64_TO_32_BIT_CONVERSION = YES;
				GCC_WARN_ABOUT_RETURN_TYPE = YES_ERROR;
				GCC_WARN_UNDECLARED_SELECTOR = YES;
				GCC_WARN_UNINITIALIZED_AUTOS = YES_AGGRESSIVE;
				GCC_WARN_UNUSED_FUNCTION = YES;
				GCC_WARN_UNUSED_VARIABLE = YES;
				IPHONEOS_DEPLOYMENT_TARGET = 16.1;
				MTL_ENABLE_DEBUG_INFO = INCLUDE_SOURCE;
				MTL_FAST_MATH = YES;
				ONLY_ACTIVE_ARCH = YES;
				SDKROOT = iphoneos;
				SWIFT_ACTIVE_COMPILATION_CONDITIONS = DEBUG;
				SWIFT_OPTIMIZATION_LEVEL = "-Onone";
			};
			name = Debug;
		};
		5DB6CFE32950EFEC00D10A03 /* Release */ = {
			isa = XCBuildConfiguration;
			buildSettings = {
				ALWAYS_SEARCH_USER_PATHS = NO;
				CLANG_ANALYZER_NONNULL = YES;
				CLANG_ANALYZER_NUMBER_OBJECT_CONVERSION = YES_AGGRESSIVE;
				CLANG_CXX_LANGUAGE_STANDARD = "gnu++20";
				CLANG_ENABLE_MODULES = YES;
				CLANG_ENABLE_OBJC_ARC = YES;
				CLANG_ENABLE_OBJC_WEAK = YES;
				CLANG_WARN_BLOCK_CAPTURE_AUTORELEASING = YES;
				CLANG_WARN_BOOL_CONVERSION = YES;
				CLANG_WARN_COMMA = YES;
				CLANG_WARN_CONSTANT_CONVERSION = YES;
				CLANG_WARN_DEPRECATED_OBJC_IMPLEMENTATIONS = YES;
				CLANG_WARN_DIRECT_OBJC_ISA_USAGE = YES_ERROR;
				CLANG_WARN_DOCUMENTATION_COMMENTS = YES;
				CLANG_WARN_EMPTY_BODY = YES;
				CLANG_WARN_ENUM_CONVERSION = YES;
				CLANG_WARN_INFINITE_RECURSION = YES;
				CLANG_WARN_INT_CONVERSION = YES;
				CLANG_WARN_NON_LITERAL_NULL_CONVERSION = YES;
				CLANG_WARN_OBJC_IMPLICIT_RETAIN_SELF = YES;
				CLANG_WARN_OBJC_LITERAL_CONVERSION = YES;
				CLANG_WARN_OBJC_ROOT_CLASS = YES_ERROR;
				CLANG_WARN_QUOTED_INCLUDE_IN_FRAMEWORK_HEADER = YES;
				CLANG_WARN_RANGE_LOOP_ANALYSIS = YES;
				CLANG_WARN_STRICT_PROTOTYPES = YES;
				CLANG_WARN_SUSPICIOUS_MOVE = YES;
				CLANG_WARN_UNGUARDED_AVAILABILITY = YES_AGGRESSIVE;
				CLANG_WARN_UNREACHABLE_CODE = YES;
				CLANG_WARN__DUPLICATE_METHOD_MATCH = YES;
				COPY_PHASE_STRIP = NO;
				DEBUG_INFORMATION_FORMAT = "dwarf-with-dsym";
				ENABLE_NS_ASSERTIONS = NO;
				ENABLE_STRICT_OBJC_MSGSEND = YES;
				GCC_C_LANGUAGE_STANDARD = gnu11;
				GCC_NO_COMMON_BLOCKS = YES;
				GCC_WARN_64_TO_32_BIT_CONVERSION = YES;
				GCC_WARN_ABOUT_RETURN_TYPE = YES_ERROR;
				GCC_WARN_UNDECLARED_SELECTOR = YES;
				GCC_WARN_UNINITIALIZED_AUTOS = YES_AGGRESSIVE;
				GCC_WARN_UNUSED_FUNCTION = YES;
				GCC_WARN_UNUSED_VARIABLE = YES;
				IPHONEOS_DEPLOYMENT_TARGET = 16.1;
				MTL_ENABLE_DEBUG_INFO = NO;
				MTL_FAST_MATH = YES;
				SDKROOT = iphoneos;
				SWIFT_COMPILATION_MODE = wholemodule;
				SWIFT_OPTIMIZATION_LEVEL = "-O";
				VALIDATE_PRODUCT = YES;
			};
			name = Release;
		};
		5DB6CFE52950EFEC00D10A03 /* Debug */ = {
			isa = XCBuildConfiguration;
			buildSettings = {
				ASSETCATALOG_COMPILER_APPICON_NAME = AppIcon;
				ASSETCATALOG_COMPILER_GLOBAL_ACCENT_COLOR_NAME = AccentColor;
				CODE_SIGN_ENTITLEMENTS = PuchNotificationHoton/PuchNotificationHoton.entitlements;
				CODE_SIGN_STYLE = Automatic;
				CURRENT_PROJECT_VERSION = 1;
				DEVELOPMENT_ASSET_PATHS = "\"PuchNotificationHoton/Preview Content\"";
				DEVELOPMENT_TEAM = UQ5HPP32DR;
				ENABLE_PREVIEWS = YES;
				GENERATE_INFOPLIST_FILE = YES;
				INFOPLIST_FILE = PuchNotificationHoton/Info.plist;
				INFOPLIST_KEY_UIApplicationSceneManifest_Generation = YES;
				INFOPLIST_KEY_UIApplicationSupportsIndirectInputEvents = YES;
				INFOPLIST_KEY_UILaunchScreen_Generation = YES;
				INFOPLIST_KEY_UISupportedInterfaceOrientations_iPad = "UIInterfaceOrientationPortrait UIInterfaceOrientationPortraitUpsideDown UIInterfaceOrientationLandscapeLeft UIInterfaceOrientationLandscapeRight";
				INFOPLIST_KEY_UISupportedInterfaceOrientations_iPhone = "UIInterfaceOrientationPortrait UIInterfaceOrientationLandscapeLeft UIInterfaceOrientationLandscapeRight";
				LD_RUNPATH_SEARCH_PATHS = (
					"$(inherited)",
					"@executable_path/Frameworks",
				);
				MARKETING_VERSION = 1.0;
				PRODUCT_BUNDLE_IDENTIFIER = Hoton.PuchNotificationHoton;
				PRODUCT_NAME = "$(TARGET_NAME)";
				SWIFT_EMIT_LOC_STRINGS = YES;
				SWIFT_VERSION = 5.0;
				TARGETED_DEVICE_FAMILY = "1,2";
			};
			name = Debug;
		};
		5DB6CFE62950EFEC00D10A03 /* Release */ = {
			isa = XCBuildConfiguration;
			buildSettings = {
				ASSETCATALOG_COMPILER_APPICON_NAME = AppIcon;
				ASSETCATALOG_COMPILER_GLOBAL_ACCENT_COLOR_NAME = AccentColor;
				CODE_SIGN_ENTITLEMENTS = PuchNotificationHoton/PuchNotificationHoton.entitlements;
				CODE_SIGN_STYLE = Automatic;
				CURRENT_PROJECT_VERSION = 1;
				DEVELOPMENT_ASSET_PATHS = "\"PuchNotificationHoton/Preview Content\"";
				DEVELOPMENT_TEAM = UQ5HPP32DR;
				ENABLE_PREVIEWS = YES;
				GENERATE_INFOPLIST_FILE = YES;
				INFOPLIST_FILE = PuchNotificationHoton/Info.plist;
				INFOPLIST_KEY_UIApplicationSceneManifest_Generation = YES;
				INFOPLIST_KEY_UIApplicationSupportsIndirectInputEvents = YES;
				INFOPLIST_KEY_UILaunchScreen_Generation = YES;
				INFOPLIST_KEY_UISupportedInterfaceOrientations_iPad = "UIInterfaceOrientationPortrait UIInterfaceOrientationPortraitUpsideDown UIInterfaceOrientationLandscapeLeft UIInterfaceOrientationLandscapeRight";
				INFOPLIST_KEY_UISupportedInterfaceOrientations_iPhone = "UIInterfaceOrientationPortrait UIInterfaceOrientationLandscapeLeft UIInterfaceOrientationLandscapeRight";
				LD_RUNPATH_SEARCH_PATHS = (
					"$(inherited)",
					"@executable_path/Frameworks",
				);
				MARKETING_VERSION = 1.0;
				PRODUCT_BUNDLE_IDENTIFIER = Hoton.PuchNotificationHoton;
				PRODUCT_NAME = "$(TARGET_NAME)";
				SWIFT_EMIT_LOC_STRINGS = YES;
				SWIFT_VERSION = 5.0;
				TARGETED_DEVICE_FAMILY = "1,2";
			};
			name = Release;
		};
		5DB6CFE82950EFEC00D10A03 /* Debug */ = {
			isa = XCBuildConfiguration;
			buildSettings = {
				ALWAYS_EMBED_SWIFT_STANDARD_LIBRARIES = YES;
				BUNDLE_LOADER = "$(TEST_HOST)";
				CODE_SIGN_STYLE = Automatic;
				CURRENT_PROJECT_VERSION = 1;
				DEVELOPMENT_TEAM = UQ5HPP32DR;
				GENERATE_INFOPLIST_FILE = YES;
				IPHONEOS_DEPLOYMENT_TARGET = 16.1;
				MARKETING_VERSION = 1.0;
				PRODUCT_BUNDLE_IDENTIFIER = Hoton.PuchNotificationHotonTests;
				PRODUCT_NAME = "$(TARGET_NAME)";
				SWIFT_EMIT_LOC_STRINGS = NO;
				SWIFT_VERSION = 5.0;
				TARGETED_DEVICE_FAMILY = "1,2";
				TEST_HOST = "$(BUILT_PRODUCTS_DIR)/PuchNotificationHoton.app/$(BUNDLE_EXECUTABLE_FOLDER_PATH)/PuchNotificationHoton";
			};
			name = Debug;
		};
		5DB6CFE92950EFEC00D10A03 /* Release */ = {
			isa = XCBuildConfiguration;
			buildSettings = {
				ALWAYS_EMBED_SWIFT_STANDARD_LIBRARIES = YES;
				BUNDLE_LOADER = "$(TEST_HOST)";
				CODE_SIGN_STYLE = Automatic;
				CURRENT_PROJECT_VERSION = 1;
				DEVELOPMENT_TEAM = UQ5HPP32DR;
				GENERATE_INFOPLIST_FILE = YES;
				IPHONEOS_DEPLOYMENT_TARGET = 16.1;
				MARKETING_VERSION = 1.0;
				PRODUCT_BUNDLE_IDENTIFIER = Hoton.PuchNotificationHotonTests;
				PRODUCT_NAME = "$(TARGET_NAME)";
				SWIFT_EMIT_LOC_STRINGS = NO;
				SWIFT_VERSION = 5.0;
				TARGETED_DEVICE_FAMILY = "1,2";
				TEST_HOST = "$(BUILT_PRODUCTS_DIR)/PuchNotificationHoton.app/$(BUNDLE_EXECUTABLE_FOLDER_PATH)/PuchNotificationHoton";
			};
			name = Release;
		};
		5DB6CFEB2950EFEC00D10A03 /* Debug */ = {
			isa = XCBuildConfiguration;
			buildSettings = {
				ALWAYS_EMBED_SWIFT_STANDARD_LIBRARIES = YES;
				CODE_SIGN_STYLE = Automatic;
				CURRENT_PROJECT_VERSION = 1;
				DEVELOPMENT_TEAM = UQ5HPP32DR;
				GENERATE_INFOPLIST_FILE = YES;
				MARKETING_VERSION = 1.0;
				PRODUCT_BUNDLE_IDENTIFIER = Hoton.PuchNotificationHotonUITests;
				PRODUCT_NAME = "$(TARGET_NAME)";
				SWIFT_EMIT_LOC_STRINGS = NO;
				SWIFT_VERSION = 5.0;
				TARGETED_DEVICE_FAMILY = "1,2";
				TEST_TARGET_NAME = PuchNotificationHoton;
			};
			name = Debug;
		};
		5DB6CFEC2950EFEC00D10A03 /* Release */ = {
			isa = XCBuildConfiguration;
			buildSettings = {
				ALWAYS_EMBED_SWIFT_STANDARD_LIBRARIES = YES;
				CODE_SIGN_STYLE = Automatic;
				CURRENT_PROJECT_VERSION = 1;
				DEVELOPMENT_TEAM = UQ5HPP32DR;
				GENERATE_INFOPLIST_FILE = YES;
				MARKETING_VERSION = 1.0;
				PRODUCT_BUNDLE_IDENTIFIER = Hoton.PuchNotificationHotonUITests;
				PRODUCT_NAME = "$(TARGET_NAME)";
				SWIFT_EMIT_LOC_STRINGS = NO;
				SWIFT_VERSION = 5.0;
				TARGETED_DEVICE_FAMILY = "1,2";
				TEST_TARGET_NAME = PuchNotificationHoton;
			};
			name = Release;
		};
/* End XCBuildConfiguration section */

/* Begin XCConfigurationList section */
		5DB6CFBB2950EFEB00D10A03 /* Build configuration list for PBXProject "PuchNotificationHoton" */ = {
			isa = XCConfigurationList;
			buildConfigurations = (
				5DB6CFE22950EFEC00D10A03 /* Debug */,
				5DB6CFE32950EFEC00D10A03 /* Release */,
			);
			defaultConfigurationIsVisible = 0;
			defaultConfigurationName = Release;
		};
		5DB6CFE42950EFEC00D10A03 /* Build configuration list for PBXNativeTarget "PuchNotificationHoton" */ = {
			isa = XCConfigurationList;
			buildConfigurations = (
				5DB6CFE52950EFEC00D10A03 /* Debug */,
				5DB6CFE62950EFEC00D10A03 /* Release */,
			);
			defaultConfigurationIsVisible = 0;
			defaultConfigurationName = Release;
		};
		5DB6CFE72950EFEC00D10A03 /* Build configuration list for PBXNativeTarget "PuchNotificationHotonTests" */ = {
			isa = XCConfigurationList;
			buildConfigurations = (
				5DB6CFE82950EFEC00D10A03 /* Debug */,
				5DB6CFE92950EFEC00D10A03 /* Release */,
			);
			defaultConfigurationIsVisible = 0;
			defaultConfigurationName = Release;
		};
		5DB6CFEA2950EFEC00D10A03 /* Build configuration list for PBXNativeTarget "PuchNotificationHotonUITests" */ = {
			isa = XCConfigurationList;
			buildConfigurations = (
				5DB6CFEB2950EFEC00D10A03 /* Debug */,
				5DB6CFEC2950EFEC00D10A03 /* Release */,
			);
			defaultConfigurationIsVisible = 0;
			defaultConfigurationName = Release;
		};
/* End XCConfigurationList section */

/* Begin XCRemoteSwiftPackageReference section */
		5DB6CFEF2950F2B200D10A03 /* XCRemoteSwiftPackageReference "firebase-ios-sdk" */ = {
			isa = XCRemoteSwiftPackageReference;
			repositoryURL = "https://github.com/firebase/firebase-ios-sdk";
			requirement = {
				branch = master;
				kind = branch;
			};
		};
/* End XCRemoteSwiftPackageReference section */

/* Begin XCSwiftPackageProductDependency section */
		5DB6CFF02950F2B200D10A03 /* FirebaseAnalytics */ = {
			isa = XCSwiftPackageProductDependency;
			package = 5DB6CFEF2950F2B200D10A03 /* XCRemoteSwiftPackageReference "firebase-ios-sdk" */;
			productName = FirebaseAnalytics;
		};
		5DB6CFF22950F2B200D10A03 /* FirebaseMessaging */ = {
			isa = XCSwiftPackageProductDependency;
			package = 5DB6CFEF2950F2B200D10A03 /* XCRemoteSwiftPackageReference "firebase-ios-sdk" */;
			productName = FirebaseMessaging;
		};
/* End XCSwiftPackageProductDependency section */
	};
	rootObject = 5DB6CFB82950EFEB00D10A03 /* Project object */;
}
